// !$*UTF8*$!
{
	archiveVersion = 1;
	classes = {
	};
	objectVersion = 48;
	objects = {

/* Begin PBXBuildFile section */
		4D04B0D62008BE8600821591 /* AnimationViewController.m in Sources */ = {isa = PBXBuildFile; fileRef = 4D04B0D52008BE8600821591 /* AnimationViewController.m */; };
		4D04B0D92008BF7100821591 /* ImageCompressViewController.m in Sources */ = {isa = PBXBuildFile; fileRef = 4D04B0D82008BF7100821591 /* ImageCompressViewController.m */; };
		4D04B0DC2008BFB800821591 /* AlgorithmViewController.m in Sources */ = {isa = PBXBuildFile; fileRef = 4D04B0DB2008BFB800821591 /* AlgorithmViewController.m */; };
		4DD9D36320087FCA007396D2 /* ColorUtils.m in Sources */ = {isa = PBXBuildFile; fileRef = 4DD9D36120087FCA007396D2 /* ColorUtils.m */; };
		7F4D5B061F68D16D00B93721 /* PaperModel.m in Sources */ = {isa = PBXBuildFile; fileRef = 7F4D5B051F68D16D00B93721 /* PaperModel.m */; };
		7F4D5B091F69827E00B93721 /* CustomView.m in Sources */ = {isa = PBXBuildFile; fileRef = 7F4D5B081F69827E00B93721 /* CustomView.m */; };
		7F4D5B0C1F6A297600B93721 /* A4PaperModel.m in Sources */ = {isa = PBXBuildFile; fileRef = 7F4D5B0B1F6A297600B93721 /* A4PaperModel.m */; };
		7FA04C0B2007B57A006273C6 /* BallPulseLoadingView.m in Sources */ = {isa = PBXBuildFile; fileRef = 7FA04C0A2007B57A006273C6 /* BallPulseLoadingView.m */; };
		7FF30F951F68BDB2000B3360 /* AppDelegate.m in Sources */ = {isa = PBXBuildFile; fileRef = 7FF30F941F68BDB2000B3360 /* AppDelegate.m */; };
		7FF30F981F68BDB2000B3360 /* ViewController.m in Sources */ = {isa = PBXBuildFile; fileRef = 7FF30F971F68BDB2000B3360 /* ViewController.m */; };
		7FF30F9B1F68BDB2000B3360 /* Main.storyboard in Resources */ = {isa = PBXBuildFile; fileRef = 7FF30F991F68BDB2000B3360 /* Main.storyboard */; };
		7FF30F9D1F68BDB2000B3360 /* Assets.xcassets in Resources */ = {isa = PBXBuildFile; fileRef = 7FF30F9C1F68BDB2000B3360 /* Assets.xcassets */; };
		7FF30FA01F68BDB2000B3360 /* LaunchScreen.storyboard in Resources */ = {isa = PBXBuildFile; fileRef = 7FF30F9E1F68BDB2000B3360 /* LaunchScreen.storyboard */; };
		7FF30FA31F68BDB2000B3360 /* main.m in Sources */ = {isa = PBXBuildFile; fileRef = 7FF30FA21F68BDB2000B3360 /* main.m */; };
/* End PBXBuildFile section */

/* Begin PBXFileReference section */
		4D04B0D42008BE8600821591 /* AnimationViewController.h */ = {isa = PBXFileReference; lastKnownFileType = sourcecode.c.h; path = AnimationViewController.h; sourceTree = "<group>"; };
		4D04B0D52008BE8600821591 /* AnimationViewController.m */ = {isa = PBXFileReference; lastKnownFileType = sourcecode.c.objc; path = AnimationViewController.m; sourceTree = "<group>"; };
		4D04B0D72008BF7100821591 /* ImageCompressViewController.h */ = {isa = PBXFileReference; lastKnownFileType = sourcecode.c.h; path = ImageCompressViewController.h; sourceTree = "<group>"; };
		4D04B0D82008BF7100821591 /* ImageCompressViewController.m */ = {isa = PBXFileReference; lastKnownFileType = sourcecode.c.objc; path = ImageCompressViewController.m; sourceTree = "<group>"; };
		4D04B0DA2008BFB800821591 /* AlgorithmViewController.h */ = {isa = PBXFileReference; lastKnownFileType = sourcecode.c.h; path = AlgorithmViewController.h; sourceTree = "<group>"; };
		4D04B0DB2008BFB800821591 /* AlgorithmViewController.m */ = {isa = PBXFileReference; lastKnownFileType = sourcecode.c.objc; path = AlgorithmViewController.m; sourceTree = "<group>"; };
		4DD9D36120087FCA007396D2 /* ColorUtils.m */ = {isa = PBXFileReference; fileEncoding = 4; lastKnownFileType = sourcecode.c.objc; path = ColorUtils.m; sourceTree = "<group>"; };
		4DD9D36220087FCA007396D2 /* ColorUtils.h */ = {isa = PBXFileReference; fileEncoding = 4; lastKnownFileType = sourcecode.c.h; path = ColorUtils.h; sourceTree = "<group>"; };
		7F4D5B041F68D16D00B93721 /* PaperModel.h */ = {isa = PBXFileReference; lastKnownFileType = sourcecode.c.h; path = PaperModel.h; sourceTree = "<group>"; };
		7F4D5B051F68D16D00B93721 /* PaperModel.m */ = {isa = PBXFileReference; lastKnownFileType = sourcecode.c.objc; path = PaperModel.m; sourceTree = "<group>"; };
		7F4D5B071F69827E00B93721 /* CustomView.h */ = {isa = PBXFileReference; lastKnownFileType = sourcecode.c.h; path = CustomView.h; sourceTree = "<group>"; };
		7F4D5B081F69827E00B93721 /* CustomView.m */ = {isa = PBXFileReference; lastKnownFileType = sourcecode.c.objc; path = CustomView.m; sourceTree = "<group>"; };
		7F4D5B0A1F6A297600B93721 /* A4PaperModel.h */ = {isa = PBXFileReference; lastKnownFileType = sourcecode.c.h; path = A4PaperModel.h; sourceTree = "<group>"; };
		7F4D5B0B1F6A297600B93721 /* A4PaperModel.m */ = {isa = PBXFileReference; lastKnownFileType = sourcecode.c.objc; path = A4PaperModel.m; sourceTree = "<group>"; };
		7FA04C092007B57A006273C6 /* BallPulseLoadingView.h */ = {isa = PBXFileReference; fileEncoding = 4; lastKnownFileType = sourcecode.c.h; path = BallPulseLoadingView.h; sourceTree = "<group>"; };
		7FA04C0A2007B57A006273C6 /* BallPulseLoadingView.m */ = {isa = PBXFileReference; fileEncoding = 4; lastKnownFileType = sourcecode.c.objc; path = BallPulseLoadingView.m; sourceTree = "<group>"; };
		7FF30F901F68BDB2000B3360 /* UITest.app */ = {isa = PBXFileReference; explicitFileType = wrapper.application; includeInIndex = 0; path = UITest.app; sourceTree = BUILT_PRODUCTS_DIR; };
		7FF30F931F68BDB2000B3360 /* AppDelegate.h */ = {isa = PBXFileReference; lastKnownFileType = sourcecode.c.h; path = AppDelegate.h; sourceTree = "<group>"; };
		7FF30F941F68BDB2000B3360 /* AppDelegate.m */ = {isa = PBXFileReference; lastKnownFileType = sourcecode.c.objc; path = AppDelegate.m; sourceTree = "<group>"; };
		7FF30F961F68BDB2000B3360 /* ViewController.h */ = {isa = PBXFileReference; lastKnownFileType = sourcecode.c.h; path = ViewController.h; sourceTree = "<group>"; };
		7FF30F971F68BDB2000B3360 /* ViewController.m */ = {isa = PBXFileReference; lastKnownFileType = sourcecode.c.objc; path = ViewController.m; sourceTree = "<group>"; };
		7FF30F9A1F68BDB2000B3360 /* Base */ = {isa = PBXFileReference; lastKnownFileType = file.storyboard; name = Base; path = Base.lproj/Main.storyboard; sourceTree = "<group>"; };
		7FF30F9C1F68BDB2000B3360 /* Assets.xcassets */ = {isa = PBXFileReference; lastKnownFileType = folder.assetcatalog; path = Assets.xcassets; sourceTree = "<group>"; };
		7FF30F9F1F68BDB2000B3360 /* Base */ = {isa = PBXFileReference; lastKnownFileType = file.storyboard; name = Base; path = Base.lproj/LaunchScreen.storyboard; sourceTree = "<group>"; };
		7FF30FA11F68BDB2000B3360 /* Info.plist */ = {isa = PBXFileReference; lastKnownFileType = text.plist.xml; path = Info.plist; sourceTree = "<group>"; };
		7FF30FA21F68BDB2000B3360 /* main.m */ = {isa = PBXFileReference; lastKnownFileType = sourcecode.c.objc; path = main.m; sourceTree = "<group>"; };
/* End PBXFileReference section */

/* Begin PBXFrameworksBuildPhase section */
		7FF30F8D1F68BDB2000B3360 /* Frameworks */ = {
			isa = PBXFrameworksBuildPhase;
			buildActionMask = 2147483647;
			files = (
			);
			runOnlyForDeploymentPostprocessing = 0;
		};
/* End PBXFrameworksBuildPhase section */

/* Begin PBXGroup section */
		4D04B0D32008BE6F00821591 /* ViewController */ = {
			isa = PBXGroup;
			children = (
				4D04B0D42008BE8600821591 /* AnimationViewController.h */,
				4D04B0D52008BE8600821591 /* AnimationViewController.m */,
				4D04B0D72008BF7100821591 /* ImageCompressViewController.h */,
				4D04B0D82008BF7100821591 /* ImageCompressViewController.m */,
				4D04B0DA2008BFB800821591 /* AlgorithmViewController.h */,
				4D04B0DB2008BFB800821591 /* AlgorithmViewController.m */,
			);
			path = ViewController;
			sourceTree = "<group>";
		};
		4DD9D36020087FCA007396D2 /* Color */ = {
			isa = PBXGroup;
			children = (
				4DD9D36220087FCA007396D2 /* ColorUtils.h */,
				4DD9D36120087FCA007396D2 /* ColorUtils.m */,
			);
			path = Color;
			sourceTree = "<group>";
		};
		7FA04C082007B57A006273C6 /* Animation */ = {
			isa = PBXGroup;
			children = (
				7FA04C092007B57A006273C6 /* BallPulseLoadingView.h */,
				7FA04C0A2007B57A006273C6 /* BallPulseLoadingView.m */,
			);
			path = Animation;
			sourceTree = "<group>";
		};
		7FF30F871F68BDB2000B3360 = {
			isa = PBXGroup;
			children = (
				7FF30F921F68BDB2000B3360 /* UITest */,
				7FF30F911F68BDB2000B3360 /* Products */,
			);
			sourceTree = "<group>";
		};
		7FF30F911F68BDB2000B3360 /* Products */ = {
			isa = PBXGroup;
			children = (
				7FF30F901F68BDB2000B3360 /* UITest.app */,
			);
			name = Products;
			sourceTree = "<group>";
		};
		7FF30F921F68BDB2000B3360 /* UITest */ = {
			isa = PBXGroup;
			children = (
				4D04B0D32008BE6F00821591 /* ViewController */,
				4DD9D36020087FCA007396D2 /* Color */,
				7FA04C082007B57A006273C6 /* Animation */,
				7FF30F931F68BDB2000B3360 /* AppDelegate.h */,
				7FF30F941F68BDB2000B3360 /* AppDelegate.m */,
				7FF30F961F68BDB2000B3360 /* ViewController.h */,
				7FF30F971F68BDB2000B3360 /* ViewController.m */,
				7FF30F991F68BDB2000B3360 /* Main.storyboard */,
				7FF30F9C1F68BDB2000B3360 /* Assets.xcassets */,
				7FF30F9E1F68BDB2000B3360 /* LaunchScreen.storyboard */,
				7FF30FA11F68BDB2000B3360 /* Info.plist */,
				7FF30FA21F68BDB2000B3360 /* main.m */,
				7F4D5B071F69827E00B93721 /* CustomView.h */,
				7F4D5B081F69827E00B93721 /* CustomView.m */,
				7F4D5B041F68D16D00B93721 /* PaperModel.h */,
				7F4D5B051F68D16D00B93721 /* PaperModel.m */,
				7F4D5B0A1F6A297600B93721 /* A4PaperModel.h */,
				7F4D5B0B1F6A297600B93721 /* A4PaperModel.m */,
			);
			path = UITest;
			sourceTree = "<group>";
		};
/* End PBXGroup section */

/* Begin PBXNativeTarget section */
		7FF30F8F1F68BDB2000B3360 /* UITest */ = {
			isa = PBXNativeTarget;
			buildConfigurationList = 7FF30FA61F68BDB2000B3360 /* Build configuration list for PBXNativeTarget "UITest" */;
			buildPhases = (
				7FF30F8C1F68BDB2000B3360 /* Sources */,
				7FF30F8D1F68BDB2000B3360 /* Frameworks */,
				7FF30F8E1F68BDB2000B3360 /* Resources */,
			);
			buildRules = (
			);
			dependencies = (
			);
			name = UITest;
			productName = UITest;
			productReference = 7FF30F901F68BDB2000B3360 /* UITest.app */;
			productType = "com.apple.product-type.application";
		};
/* End PBXNativeTarget section */

/* Begin PBXProject section */
		7FF30F881F68BDB2000B3360 /* Project object */ = {
			isa = PBXProject;
			attributes = {
				LastUpgradeCheck = 0900;
				ORGANIZATIONNAME = markcj;
				TargetAttributes = {
					7FF30F8F1F68BDB2000B3360 = {
						CreatedOnToolsVersion = 9.0;
						ProvisioningStyle = Automatic;
					};
				};
			};
			buildConfigurationList = 7FF30F8B1F68BDB2000B3360 /* Build configuration list for PBXProject "UITest" */;
			compatibilityVersion = "Xcode 8.0";
			developmentRegion = en;
			hasScannedForEncodings = 0;
			knownRegions = (
				en,
				Base,
			);
			mainGroup = 7FF30F871F68BDB2000B3360;
			productRefGroup = 7FF30F911F68BDB2000B3360 /* Products */;
			projectDirPath = "";
			projectRoot = "";
			targets = (
				7FF30F8F1F68BDB2000B3360 /* UITest */,
			);
		};
/* End PBXProject section */

/* Begin PBXResourcesBuildPhase section */
		7FF30F8E1F68BDB2000B3360 /* Resources */ = {
			isa = PBXResourcesBuildPhase;
			buildActionMask = 2147483647;
			files = (
				7FF30FA01F68BDB2000B3360 /* LaunchScreen.storyboard in Resources */,
				7FF30F9D1F68BDB2000B3360 /* Assets.xcassets in Resources */,
				7FF30F9B1F68BDB2000B3360 /* Main.storyboard in Resources */,
			);
			runOnlyForDeploymentPostprocessing = 0;
		};
/* End PBXResourcesBuildPhase section */

/* Begin PBXSourcesBuildPhase section */
		7FF30F8C1F68BDB2000B3360 /* Sources */ = {
			isa = PBXSourcesBuildPhase;
			buildActionMask = 2147483647;
			files = (
				4D04B0D92008BF7100821591 /* ImageCompressViewController.m in Sources */,
				4D04B0D62008BE8600821591 /* AnimationViewController.m in Sources */,
				7FA04C0B2007B57A006273C6 /* BallPulseLoadingView.m in Sources */,
				7F4D5B091F69827E00B93721 /* CustomView.m in Sources */,
				7F4D5B061F68D16D00B93721 /* PaperModel.m in Sources */,
				7FF30F981F68BDB2000B3360 /* ViewController.m in Sources */,
				7F4D5B0C1F6A297600B93721 /* A4PaperModel.m in Sources */,
				7FF30FA31F68BDB2000B3360 /* main.m in Sources */,
				7FF30F951F68BDB2000B3360 /* AppDelegate.m in Sources */,
				4DD9D36320087FCA007396D2 /* ColorUtils.m in Sources */,
				4D04B0DC2008BFB800821591 /* AlgorithmViewController.m in Sources */,
			);
			runOnlyForDeploymentPostprocessing = 0;
		};
/* End PBXSourcesBuildPhase section */

/* Begin PBXVariantGroup section */
		7FF30F991F68BDB2000B3360 /* Main.storyboard */ = {
			isa = PBXVariantGroup;
			children = (
				7FF30F9A1F68BDB2000B3360 /* Base */,
			);
			name = Main.storyboard;
			sourceTree = "<group>";
		};
		7FF30F9E1F68BDB2000B3360 /* LaunchScreen.storyboard */ = {
			isa = PBXVariantGroup;
			children = (
				7FF30F9F1F68BDB2000B3360 /* Base */,
			);
			name = LaunchScreen.storyboard;
			sourceTree = "<group>";
		};
/* End PBXVariantGroup section */

/* Begin XCBuildConfiguration section */
		7FF30FA41F68BDB2000B3360 /* Debug */ = {
			isa = XCBuildConfiguration;
			buildSettings = {
				ALWAYS_SEARCH_USER_PATHS = NO;
				CLANG_ANALYZER_NONNULL = YES;
				CLANG_ANALYZER_NUMBER_OBJECT_CONVERSION = YES_AGGRESSIVE;
				CLANG_CXX_LANGUAGE_STANDARD = "gnu++14";
				CLANG_CXX_LIBRARY = "libc++";
				CLANG_ENABLE_MODULES = YES;
				CLANG_ENABLE_OBJC_ARC = YES;
				CLANG_WARN_BLOCK_CAPTURE_AUTORELEASING = YES;
				CLANG_WARN_BOOL_CONVERSION = YES;
				CLANG_WARN_COMMA = YES;
				CLANG_WARN_CONSTANT_CONVERSION = YES;
				CLANG_WARN_DIRECT_OBJC_ISA_USAGE = YES_ERROR;
				CLANG_WARN_DOCUMENTATION_COMMENTS = YES;
				CLANG_WARN_EMPTY_BODY = YES;
				CLANG_WARN_ENUM_CONVERSION = YES;
				CLANG_WARN_INFINITE_RECURSION = YES;
				CLANG_WARN_INT_CONVERSION = YES;
				CLANG_WARN_NON_LITERAL_NULL_CONVERSION = YES;
				CLANG_WARN_OBJC_LITERAL_CONVERSION = YES;
				CLANG_WARN_OBJC_ROOT_CLASS = YES_ERROR;
				CLANG_WARN_RANGE_LOOP_ANALYSIS = YES;
				CLANG_WARN_STRICT_PROTOTYPES = YES;
				CLANG_WARN_SUSPICIOUS_MOVE = YES;
				CLANG_WARN_UNGUARDED_AVAILABILITY = YES_AGGRESSIVE;
				CLANG_WARN_UNREACHABLE_CODE = YES;
				CLANG_WARN__DUPLICATE_METHOD_MATCH = YES;
				CODE_SIGN_IDENTITY = "iPhone Developer";
				COPY_PHASE_STRIP = NO;
				DEBUG_INFORMATION_FORMAT = dwarf;
				ENABLE_STRICT_OBJC_MSGSEND = YES;
				ENABLE_TESTABILITY = YES;
				GCC_C_LANGUAGE_STANDARD = gnu11;
				GCC_DYNAMIC_NO_PIC = NO;
				GCC_NO_COMMON_BLOCKS = YES;
				GCC_OPTIMIZATION_LEVEL = 0;
				GCC_PREPROCESSOR_DEFINITIONS = (
					"DEBUG=1",
					"$(inherited)",
				);
				GCC_WARN_64_TO_32_BIT_CONVERSION = YES;
				GCC_WARN_ABOUT_RETURN_TYPE = YES_ERROR;
				GCC_WARN_UNDECLARED_SELECTOR = YES;
				GCC_WARN_UNINITIALIZED_AUTOS = YES_AGGRESSIVE;
				GCC_WARN_UNUSED_FUNCTION = YES;
				GCC_WARN_UNUSED_VARIABLE = YES;
				IPHONEOS_DEPLOYMENT_TARGET = 11.0;
				MTL_ENABLE_DEBUG_INFO = YES;
				ONLY_ACTIVE_ARCH = YES;
				SDKROOT = iphoneos;
			};
			name = Debug;
		};
		7FF30FA51F68BDB2000B3360 /* Release */ = {
			isa = XCBuildConfiguration;
			buildSettings = {
				ALWAYS_SEARCH_USER_PATHS = NO;
				CLANG_ANALYZER_NONNULL = YES;
				CLANG_ANALYZER_NUMBER_OBJECT_CONVERSION = YES_AGGRESSIVE;
				CLANG_CXX_LANGUAGE_STANDARD = "gnu++14";
				CLANG_CXX_LIBRARY = "libc++";
				CLANG_ENABLE_MODULES = YES;
				CLANG_ENABLE_OBJC_ARC = YES;
				CLANG_WARN_BLOCK_CAPTURE_AUTORELEASING = YES;
				CLANG_WARN_BOOL_CONVERSION = YES;
				CLANG_WARN_COMMA = YES;
				CLANG_WARN_CONSTANT_CONVERSION = YES;
				CLANG_WARN_DIRECT_OBJC_ISA_USAGE = YES_ERROR;
				CLANG_WARN_DOCUMENTATION_COMMENTS = YES;
				CLANG_WARN_EMPTY_BODY = YES;
				CLANG_WARN_ENUM_CONVERSION = YES;
				CLANG_WARN_INFINITE_RECURSION = YES;
				CLANG_WARN_INT_CONVERSION = YES;
				CLANG_WARN_NON_LITERAL_NULL_CONVERSION = YES;
				CLANG_WARN_OBJC_LITERAL_CONVERSION = YES;
				CLANG_WARN_OBJC_ROOT_CLASS = YES_ERROR;
				CLANG_WARN_RANGE_LOOP_ANALYSIS = YES;
				CLANG_WARN_STRICT_PROTOTYPES = YES;
				CLANG_WARN_SUSPICIOUS_MOVE = YES;
				CLANG_WARN_UNGUARDED_AVAILABILITY = YES_AGGRESSIVE;
				CLANG_WARN_UNREACHABLE_CODE = YES;
				CLANG_WARN__DUPLICATE_METHOD_MATCH = YES;
				CODE_SIGN_IDENTITY = "iPhone Developer";
				COPY_PHASE_STRIP = NO;
				DEBUG_INFORMATION_FORMAT = "dwarf-with-dsym";
				ENABLE_NS_ASSERTIONS = NO;
				ENABLE_STRICT_OBJC_MSGSEND = YES;
				GCC_C_LANGUAGE_STANDARD = gnu11;
				GCC_NO_COMMON_BLOCKS = YES;
				GCC_WARN_64_TO_32_BIT_CONVERSION = YES;
				GCC_WARN_ABOUT_RETURN_TYPE = YES_ERROR;
				GCC_WARN_UNDECLARED_SELECTOR = YES;
				GCC_WARN_UNINITIALIZED_AUTOS = YES_AGGRESSIVE;
				GCC_WARN_UNUSED_FUNCTION = YES;
				GCC_WARN_UNUSED_VARIABLE = YES;
				IPHONEOS_DEPLOYMENT_TARGET = 11.0;
				MTL_ENABLE_DEBUG_INFO = NO;
				SDKROOT = iphoneos;
				VALIDATE_PRODUCT = YES;
			};
			name = Release;
		};
		7FF30FA71F68BDB2000B3360 /* Debug */ = {
			isa = XCBuildConfiguration;
			buildSettings = {
				ASSETCATALOG_COMPILER_APPICON_NAME = AppIcon;
				CODE_SIGN_STYLE = Automatic;
				DEVELOPMENT_TEAM = D62BHWAPT5;
				INFOPLIST_FILE = UITest/Info.plist;
				LD_RUNPATH_SEARCH_PATHS = "$(inherited) @executable_path/Frameworks";
				PRODUCT_BUNDLE_IDENTIFIER = com.markcj.test.UITest;
				PRODUCT_NAME = "$(TARGET_NAME)";
				TARGETED_DEVICE_FAMILY = "1,2";
			};
			name = Debug;
		};
		7FF30FA81F68BDB2000B3360 /* Release */ = {
			isa = XCBuildConfiguration;
			buildSettings = {
				ASSETCATALOG_COMPILER_APPICON_NAME = AppIcon;
				CODE_SIGN_STYLE = Automatic;
				DEVELOPMENT_TEAM = D62BHWAPT5;
				INFOPLIST_FILE = UITest/Info.plist;
				LD_RUNPATH_SEARCH_PATHS = "$(inherited) @executable_path/Frameworks";
				PRODUCT_BUNDLE_IDENTIFIER = com.markcj.test.UITest;
				PRODUCT_NAME = "$(TARGET_NAME)";
				TARGETED_DEVICE_FAMILY = "1,2";
			};
			name = Release;
		};
/* End XCBuildConfiguration section */

/* Begin XCConfigurationList section */
		7FF30F8B1F68BDB2000B3360 /* Build configuration list for PBXProject "UITest" */ = {
			isa = XCConfigurationList;
			buildConfigurations = (
				7FF30FA41F68BDB2000B3360 /* Debug */,
				7FF30FA51F68BDB2000B3360 /* Release */,
			);
			defaultConfigurationIsVisible = 0;
			defaultConfigurationName = Release;
		};
		7FF30FA61F68BDB2000B3360 /* Build configuration list for PBXNativeTarget "UITest" */ = {
			isa = XCConfigurationList;
			buildConfigurations = (
				7FF30FA71F68BDB2000B3360 /* Debug */,
				7FF30FA81F68BDB2000B3360 /* Release */,
			);
			defaultConfigurationIsVisible = 0;
			defaultConfigurationName = Release;
		};
/* End XCConfigurationList section */
	};
	rootObject = 7FF30F881F68BDB2000B3360 /* Project object */;
}
